
Microsoft Visual Studio Solution File, Format Version 12.00
# Visual Studio 15
VisualStudioVersion = 15.0.28307.329
MinimumVisualStudioVersion = 10.0.40219.1
Project("{FAE04EC0-301F-11D3-BF4B-00C04F79EFBC}") = "Example_6", "Example_6.csproj", "{F769C0AF-B0AF-4222-9D89-D4C7E34D8B7E}"
EndProject
Global
	GlobalSection(SolutionConfigurationPlatforms) = preSolution
		Debug|Any CPU = Debug|Any CPU
		Release|Any CPU = Release|Any CPU
	EndGlobalSection
	GlobalSection(ProjectConfigurationPlatforms) = postSolution
		{F769C0AF-B0AF-4222-9D89-D4C7E34D8B7E}.Debug|Any CPU.ActiveCfg = Debug|Any CPU
		{F769C0AF-B0AF-4222-9D89-D4C7E34D8B7E}.Debug|Any CPU.Build.0 = Debug|Any CPU
		{F769C0AF-B0AF-4222-9D89-D4C7E34D8B7E}.Release|Any CPU.ActiveCfg = Release|Any CPU
		{F769C0AF-B0AF-4222-9D89-D4C7E34D8B7E}.Release|Any CPU.Build.0 = Release|Any CPU
	EndGlobalSection
	GlobalSection(SolutionProperties) = preSolution
		HideSolutionNode = FALSE
	EndGlobalSection
	GlobalSection(ExtensibilityGlobals) = postSolution
		SolutionGuid = {BDD021A1-FE7D-467D-9DDA-84B5C9E8C396}
	EndGlobalSection
EndGlobal
