
Microsoft Visual Studio Solution File, Format Version 12.00
# Visual Studio 15
VisualStudioVersion = 15.0.28307.329
MinimumVisualStudioVersion = 10.0.40219.1
Project("{FAE04EC0-301F-11D3-BF4B-00C04F79EFBC}") = "Example_8", "Example_8.csproj", "{B3297979-980B-4F05-B275-8A015DE2DAED}"
EndProject
Global
	GlobalSection(SolutionConfigurationPlatforms) = preSolution
		Debug|Any CPU = Debug|Any CPU
		Release|Any CPU = Release|Any CPU
	EndGlobalSection
	GlobalSection(ProjectConfigurationPlatforms) = postSolution
		{B3297979-980B-4F05-B275-8A015DE2DAED}.Debug|Any CPU.ActiveCfg = Debug|Any CPU
		{B3297979-980B-4F05-B275-8A015DE2DAED}.Debug|Any CPU.Build.0 = Debug|Any CPU
		{B3297979-980B-4F05-B275-8A015DE2DAED}.Release|Any CPU.ActiveCfg = Release|Any CPU
		{B3297979-980B-4F05-B275-8A015DE2DAED}.Release|Any CPU.Build.0 = Release|Any CPU
	EndGlobalSection
	GlobalSection(SolutionProperties) = preSolution
		HideSolutionNode = FALSE
	EndGlobalSection
	GlobalSection(ExtensibilityGlobals) = postSolution
		SolutionGuid = {3C1226A8-B3CD-4533-9D0D-B997464B4013}
	EndGlobalSection
EndGlobal
