
Microsoft Visual Studio Solution File, Format Version 12.00
# Visual Studio 15
VisualStudioVersion = 15.0.28307.329
MinimumVisualStudioVersion = 10.0.40219.1
Project("{FAE04EC0-301F-11D3-BF4B-00C04F79EFBC}") = "Example_2", "Example_2.csproj", "{84116D9D-55CF-4316-AC8A-AB1BB9F1F352}"
EndProject
Global
	GlobalSection(SolutionConfigurationPlatforms) = preSolution
		Debug|Any CPU = Debug|Any CPU
		Release|Any CPU = Release|Any CPU
	EndGlobalSection
	GlobalSection(ProjectConfigurationPlatforms) = postSolution
		{84116D9D-55CF-4316-AC8A-AB1BB9F1F352}.Debug|Any CPU.ActiveCfg = Debug|Any CPU
		{84116D9D-55CF-4316-AC8A-AB1BB9F1F352}.Debug|Any CPU.Build.0 = Debug|Any CPU
		{84116D9D-55CF-4316-AC8A-AB1BB9F1F352}.Release|Any CPU.ActiveCfg = Release|Any CPU
		{84116D9D-55CF-4316-AC8A-AB1BB9F1F352}.Release|Any CPU.Build.0 = Release|Any CPU
	EndGlobalSection
	GlobalSection(SolutionProperties) = preSolution
		HideSolutionNode = FALSE
	EndGlobalSection
	GlobalSection(ExtensibilityGlobals) = postSolution
		SolutionGuid = {33AA37E6-C7B0-4D7B-90AB-A524239C08A4}
	EndGlobalSection
EndGlobal
