
Microsoft Visual Studio Solution File, Format Version 12.00
# Visual Studio 15
VisualStudioVersion = 15.0.28307.329
MinimumVisualStudioVersion = 10.0.40219.1
Project("{FAE04EC0-301F-11D3-BF4B-00C04F79EFBC}") = "Example_7", "Example_7.csproj", "{8CFD6903-D430-44EA-B915-20AA90A52CAD}"
EndProject
Global
	GlobalSection(SolutionConfigurationPlatforms) = preSolution
		Debug|Any CPU = Debug|Any CPU
		Release|Any CPU = Release|Any CPU
	EndGlobalSection
	GlobalSection(ProjectConfigurationPlatforms) = postSolution
		{8CFD6903-D430-44EA-B915-20AA90A52CAD}.Debug|Any CPU.ActiveCfg = Debug|Any CPU
		{8CFD6903-D430-44EA-B915-20AA90A52CAD}.Debug|Any CPU.Build.0 = Debug|Any CPU
		{8CFD6903-D430-44EA-B915-20AA90A52CAD}.Release|Any CPU.ActiveCfg = Release|Any CPU
		{8CFD6903-D430-44EA-B915-20AA90A52CAD}.Release|Any CPU.Build.0 = Release|Any CPU
	EndGlobalSection
	GlobalSection(SolutionProperties) = preSolution
		HideSolutionNode = FALSE
	EndGlobalSection
	GlobalSection(ExtensibilityGlobals) = postSolution
		SolutionGuid = {9D44B042-FE03-4BCD-815A-E9E614110472}
	EndGlobalSection
EndGlobal
