
Microsoft Visual Studio Solution File, Format Version 12.00
# Visual Studio 15
VisualStudioVersion = 15.0.28307.329
MinimumVisualStudioVersion = 10.0.40219.1
Project("{FAE04EC0-301F-11D3-BF4B-00C04F79EFBC}") = "Example_3", "Example_3.csproj", "{C3E5D7AC-B737-47BA-B733-458E74AAC952}"
EndProject
Global
	GlobalSection(SolutionConfigurationPlatforms) = preSolution
		Debug|Any CPU = Debug|Any CPU
		Release|Any CPU = Release|Any CPU
	EndGlobalSection
	GlobalSection(ProjectConfigurationPlatforms) = postSolution
		{C3E5D7AC-B737-47BA-B733-458E74AAC952}.Debug|Any CPU.ActiveCfg = Debug|Any CPU
		{C3E5D7AC-B737-47BA-B733-458E74AAC952}.Debug|Any CPU.Build.0 = Debug|Any CPU
		{C3E5D7AC-B737-47BA-B733-458E74AAC952}.Release|Any CPU.ActiveCfg = Release|Any CPU
		{C3E5D7AC-B737-47BA-B733-458E74AAC952}.Release|Any CPU.Build.0 = Release|Any CPU
	EndGlobalSection
	GlobalSection(SolutionProperties) = preSolution
		HideSolutionNode = FALSE
	EndGlobalSection
	GlobalSection(ExtensibilityGlobals) = postSolution
		SolutionGuid = {B490DC56-1426-43FA-ACBD-8559EF568975}
	EndGlobalSection
EndGlobal
