
Microsoft Visual Studio Solution File, Format Version 12.00
# Visual Studio 15
VisualStudioVersion = 15.0.28307.329
MinimumVisualStudioVersion = 10.0.40219.1
Project("{FAE04EC0-301F-11D3-BF4B-00C04F79EFBC}") = "Example_6", "Example_6.csproj", "{16ED6E2E-092E-4B97-B7CF-AAC108CE6EF6}"
EndProject
Global
	GlobalSection(SolutionConfigurationPlatforms) = preSolution
		Debug|Any CPU = Debug|Any CPU
		Release|Any CPU = Release|Any CPU
	EndGlobalSection
	GlobalSection(ProjectConfigurationPlatforms) = postSolution
		{16ED6E2E-092E-4B97-B7CF-AAC108CE6EF6}.Debug|Any CPU.ActiveCfg = Debug|Any CPU
		{16ED6E2E-092E-4B97-B7CF-AAC108CE6EF6}.Debug|Any CPU.Build.0 = Debug|Any CPU
		{16ED6E2E-092E-4B97-B7CF-AAC108CE6EF6}.Release|Any CPU.ActiveCfg = Release|Any CPU
		{16ED6E2E-092E-4B97-B7CF-AAC108CE6EF6}.Release|Any CPU.Build.0 = Release|Any CPU
	EndGlobalSection
	GlobalSection(SolutionProperties) = preSolution
		HideSolutionNode = FALSE
	EndGlobalSection
	GlobalSection(ExtensibilityGlobals) = postSolution
		SolutionGuid = {942DEC3D-F533-42C3-B71F-34C465DDC182}
	EndGlobalSection
EndGlobal
