
Microsoft Visual Studio Solution File, Format Version 12.00
# Visual Studio 15
VisualStudioVersion = 15.0.28307.329
MinimumVisualStudioVersion = 10.0.40219.1
Project("{FAE04EC0-301F-11D3-BF4B-00C04F79EFBC}") = "Метод Эйлера", "Метод Эйлера.csproj", "{67E00BA1-0602-4EB5-ABA0-F8B2A59F67BB}"
EndProject
Global
	GlobalSection(SolutionConfigurationPlatforms) = preSolution
		Debug|Any CPU = Debug|Any CPU
		Release|Any CPU = Release|Any CPU
	EndGlobalSection
	GlobalSection(ProjectConfigurationPlatforms) = postSolution
		{67E00BA1-0602-4EB5-ABA0-F8B2A59F67BB}.Debug|Any CPU.ActiveCfg = Debug|Any CPU
		{67E00BA1-0602-4EB5-ABA0-F8B2A59F67BB}.Debug|Any CPU.Build.0 = Debug|Any CPU
		{67E00BA1-0602-4EB5-ABA0-F8B2A59F67BB}.Release|Any CPU.ActiveCfg = Release|Any CPU
		{67E00BA1-0602-4EB5-ABA0-F8B2A59F67BB}.Release|Any CPU.Build.0 = Release|Any CPU
	EndGlobalSection
	GlobalSection(SolutionProperties) = preSolution
		HideSolutionNode = FALSE
	EndGlobalSection
	GlobalSection(ExtensibilityGlobals) = postSolution
		SolutionGuid = {4074A5EA-C275-4BFD-B4B4-2D6B9306FC1E}
	EndGlobalSection
EndGlobal
