
Microsoft Visual Studio Solution File, Format Version 12.00
# Visual Studio 15
VisualStudioVersion = 15.0.28307.329
MinimumVisualStudioVersion = 10.0.40219.1
Project("{FAE04EC0-301F-11D3-BF4B-00C04F79EFBC}") = "Example_7", "Example_7.csproj", "{5CEA30BC-39FA-41F6-9D2C-A5A7D537BCCB}"
EndProject
Global
	GlobalSection(SolutionConfigurationPlatforms) = preSolution
		Debug|Any CPU = Debug|Any CPU
		Release|Any CPU = Release|Any CPU
	EndGlobalSection
	GlobalSection(ProjectConfigurationPlatforms) = postSolution
		{5CEA30BC-39FA-41F6-9D2C-A5A7D537BCCB}.Debug|Any CPU.ActiveCfg = Debug|Any CPU
		{5CEA30BC-39FA-41F6-9D2C-A5A7D537BCCB}.Debug|Any CPU.Build.0 = Debug|Any CPU
		{5CEA30BC-39FA-41F6-9D2C-A5A7D537BCCB}.Release|Any CPU.ActiveCfg = Release|Any CPU
		{5CEA30BC-39FA-41F6-9D2C-A5A7D537BCCB}.Release|Any CPU.Build.0 = Release|Any CPU
	EndGlobalSection
	GlobalSection(SolutionProperties) = preSolution
		HideSolutionNode = FALSE
	EndGlobalSection
	GlobalSection(ExtensibilityGlobals) = postSolution
		SolutionGuid = {D05D02EE-6DD2-40AD-B325-4E9022B7D032}
	EndGlobalSection
EndGlobal
